
Microsoft Visual Studio Solution File, Format Version 12.00
# Visual Studio 14
VisualStudioVersion = 14.0.25420.1
MinimumVisualStudioVersion = 10.0.40219.1
Project("{FAE04EC0-301F-11D3-BF4B-00C04F79EFBC}") = "VARS", "AT Proje\VARS.csproj", "{E113E8DA-3399-4227-802B-91429FA909D8}"
EndProject
Project("{FAE04EC0-301F-11D3-BF4B-00C04F79EFBC}") = "IFEL", "IFEL\IFEL.csproj", "{420A6121-ECE3-4C47-BFA7-E4FB6E6B89DD}"
EndProject
Project("{FAE04EC0-301F-11D3-BF4B-00C04F79EFBC}") = "TMD", "TMD\TMD.csproj", "{6D6C5D2B-3451-4614-B2E5-478AAA37E210}"
EndProject
Project("{FAE04EC0-301F-11D3-BF4B-00C04F79EFBC}") = "DNG", "DNG\DNG.csproj", "{FD7BCD54-46BC-468A-B3DC-E307732545AD}"
EndProject
Project("{FAE04EC0-301F-11D3-BF4B-00C04F79EFBC}") = "ARR", "ARR\ARR.csproj", "{CB4458F0-2621-434F-B699-1FED590FBD3B}"
EndProject
Project("{FAE04EC0-301F-11D3-BF4B-00C04F79EFBC}") = "CHAR", "CHAR\CHAR.csproj", "{5758334C-5C0F-4193-A21B-50B7A4396536}"
EndProject
Project("{FAE04EC0-301F-11D3-BF4B-00C04F79EFBC}") = "TMD2", "TMD2\TMD2.csproj", "{BD393176-BCEE-4620-9D37-984591AF36D9}"
EndProject
Project("{FAE04EC0-301F-11D3-BF4B-00C04F79EFBC}") = "CBDZ", "CBDZ\CBDZ.csproj", "{D02C55DD-4887-4824-9FA9-E4A0F9AAC9D6}"
EndProject
Project("{FAE04EC0-301F-11D3-BF4B-00C04F79EFBC}") = "Dosyaİslemler", "Dosyaİslemler\Dosyaİslemler.csproj", "{FFE537CC-F5F0-44A5-B91C-6F1A9C650767}"
EndProject
Project("{FAE04EC0-301F-11D3-BF4B-00C04F79EFBC}") = "OOP", "OOP\OOP.csproj", "{C6FCD06A-4197-4851-8BD5-787564853FA9}"
EndProject
Project("{FAE04EC0-301F-11D3-BF4B-00C04F79EFBC}") = "COLL", "COLL\COLL.csproj", "{03DC4669-82CE-4326-B079-3831819E79F9}"
EndProject
Global
	GlobalSection(SolutionConfigurationPlatforms) = preSolution
		Debug|Any CPU = Debug|Any CPU
		Release|Any CPU = Release|Any CPU
	EndGlobalSection
	GlobalSection(ProjectConfigurationPlatforms) = postSolution
		{E113E8DA-3399-4227-802B-91429FA909D8}.Debug|Any CPU.ActiveCfg = Debug|Any CPU
		{E113E8DA-3399-4227-802B-91429FA909D8}.Debug|Any CPU.Build.0 = Debug|Any CPU
		{E113E8DA-3399-4227-802B-91429FA909D8}.Release|Any CPU.ActiveCfg = Release|Any CPU
		{E113E8DA-3399-4227-802B-91429FA909D8}.Release|Any CPU.Build.0 = Release|Any CPU
		{420A6121-ECE3-4C47-BFA7-E4FB6E6B89DD}.Debug|Any CPU.ActiveCfg = Debug|Any CPU
		{420A6121-ECE3-4C47-BFA7-E4FB6E6B89DD}.Debug|Any CPU.Build.0 = Debug|Any CPU
		{420A6121-ECE3-4C47-BFA7-E4FB6E6B89DD}.Release|Any CPU.ActiveCfg = Release|Any CPU
		{420A6121-ECE3-4C47-BFA7-E4FB6E6B89DD}.Release|Any CPU.Build.0 = Release|Any CPU
		{6D6C5D2B-3451-4614-B2E5-478AAA37E210}.Debug|Any CPU.ActiveCfg = Debug|Any CPU
		{6D6C5D2B-3451-4614-B2E5-478AAA37E210}.Debug|Any CPU.Build.0 = Debug|Any CPU
		{6D6C5D2B-3451-4614-B2E5-478AAA37E210}.Release|Any CPU.ActiveCfg = Release|Any CPU
		{6D6C5D2B-3451-4614-B2E5-478AAA37E210}.Release|Any CPU.Build.0 = Release|Any CPU
		{FD7BCD54-46BC-468A-B3DC-E307732545AD}.Debug|Any CPU.ActiveCfg = Debug|Any CPU
		{FD7BCD54-46BC-468A-B3DC-E307732545AD}.Debug|Any CPU.Build.0 = Debug|Any CPU
		{FD7BCD54-46BC-468A-B3DC-E307732545AD}.Release|Any CPU.ActiveCfg = Release|Any CPU
		{FD7BCD54-46BC-468A-B3DC-E307732545AD}.Release|Any CPU.Build.0 = Release|Any CPU
		{CB4458F0-2621-434F-B699-1FED590FBD3B}.Debug|Any CPU.ActiveCfg = Debug|Any CPU
		{CB4458F0-2621-434F-B699-1FED590FBD3B}.Debug|Any CPU.Build.0 = Debug|Any CPU
		{CB4458F0-2621-434F-B699-1FED590FBD3B}.Release|Any CPU.ActiveCfg = Release|Any CPU
		{CB4458F0-2621-434F-B699-1FED590FBD3B}.Release|Any CPU.Build.0 = Release|Any CPU
		{5758334C-5C0F-4193-A21B-50B7A4396536}.Debug|Any CPU.ActiveCfg = Debug|Any CPU
		{5758334C-5C0F-4193-A21B-50B7A4396536}.Debug|Any CPU.Build.0 = Debug|Any CPU
		{5758334C-5C0F-4193-A21B-50B7A4396536}.Release|Any CPU.ActiveCfg = Release|Any CPU
		{5758334C-5C0F-4193-A21B-50B7A4396536}.Release|Any CPU.Build.0 = Release|Any CPU
		{BD393176-BCEE-4620-9D37-984591AF36D9}.Debug|Any CPU.ActiveCfg = Debug|Any CPU
		{BD393176-BCEE-4620-9D37-984591AF36D9}.Debug|Any CPU.Build.0 = Debug|Any CPU
		{BD393176-BCEE-4620-9D37-984591AF36D9}.Release|Any CPU.ActiveCfg = Release|Any CPU
		{BD393176-BCEE-4620-9D37-984591AF36D9}.Release|Any CPU.Build.0 = Release|Any CPU
		{D02C55DD-4887-4824-9FA9-E4A0F9AAC9D6}.Debug|Any CPU.ActiveCfg = Debug|Any CPU
		{D02C55DD-4887-4824-9FA9-E4A0F9AAC9D6}.Debug|Any CPU.Build.0 = Debug|Any CPU
		{D02C55DD-4887-4824-9FA9-E4A0F9AAC9D6}.Release|Any CPU.ActiveCfg = Release|Any CPU
		{D02C55DD-4887-4824-9FA9-E4A0F9AAC9D6}.Release|Any CPU.Build.0 = Release|Any CPU
		{FFE537CC-F5F0-44A5-B91C-6F1A9C650767}.Debug|Any CPU.ActiveCfg = Debug|Any CPU
		{FFE537CC-F5F0-44A5-B91C-6F1A9C650767}.Debug|Any CPU.Build.0 = Debug|Any CPU
		{FFE537CC-F5F0-44A5-B91C-6F1A9C650767}.Release|Any CPU.ActiveCfg = Release|Any CPU
		{FFE537CC-F5F0-44A5-B91C-6F1A9C650767}.Release|Any CPU.Build.0 = Release|Any CPU
		{C6FCD06A-4197-4851-8BD5-787564853FA9}.Debug|Any CPU.ActiveCfg = Debug|Any CPU
		{C6FCD06A-4197-4851-8BD5-787564853FA9}.Debug|Any CPU.Build.0 = Debug|Any CPU
		{C6FCD06A-4197-4851-8BD5-787564853FA9}.Release|Any CPU.ActiveCfg = Release|Any CPU
		{C6FCD06A-4197-4851-8BD5-787564853FA9}.Release|Any CPU.Build.0 = Release|Any CPU
		{03DC4669-82CE-4326-B079-3831819E79F9}.Debug|Any CPU.ActiveCfg = Debug|Any CPU
		{03DC4669-82CE-4326-B079-3831819E79F9}.Debug|Any CPU.Build.0 = Debug|Any CPU
		{03DC4669-82CE-4326-B079-3831819E79F9}.Release|Any CPU.ActiveCfg = Release|Any CPU
		{03DC4669-82CE-4326-B079-3831819E79F9}.Release|Any CPU.Build.0 = Release|Any CPU
	EndGlobalSection
	GlobalSection(SolutionProperties) = preSolution
		HideSolutionNode = FALSE
	EndGlobalSection
EndGlobal
